
Microsoft Visual Studio Solution File, Format Version 12.00
Project("{FAE04EC0-301F-11D3-BF4B-00C04F79EFBC}") = "Market.API", "Market.API\Market.API.csproj", "{5674DAE1-CA35-4D02-B23E-FC259A0D0F85}"
EndProject
Project("{FAE04EC0-301F-11D3-BF4B-00C04F79EFBC}") = "Market.Domain", "Market.Domain\Market.Domain.csproj", "{E40A2B86-D99D-405C-9457-C730ECB80663}"
EndProject
Project("{FAE04EC0-301F-11D3-BF4B-00C04F79EFBC}") = "Market.Infrastructure", "Market.Infrastructure\Market.Infrastructure.csproj", "{E7417C3A-749C-4D87-A637-5E47AF5021F5}"
EndProject
Project("{FAE04EC0-301F-11D3-BF4B-00C04F79EFBC}") = "Market.Application", "Market.Application\Market.Application.csproj", "{E25859A1-C8A9-45B6-8DB6-9DFCA0E5FF47}"
EndProject
Project("{FAE04EC0-301F-11D3-BF4B-00C04F79EFBC}") = "Market.Contracts", "Market.Contracts\Market.Contracts.csproj", "{6AC87D9A-78C4-4F75-A50F-90138FF0CA71}"
EndProject
Project("{FAE04EC0-301F-11D3-BF4B-00C04F79EFBC}") = "Market.Tests", "Market.Tests\Market.Tests.csproj", "{1C217114-38B2-46FD-8EBD-4B87856C5B96}"
EndProject
Global
	GlobalSection(SolutionConfigurationPlatforms) = preSolution
		Debug|Any CPU = Debug|Any CPU
		Release|Any CPU = Release|Any CPU
	EndGlobalSection
	GlobalSection(ProjectConfigurationPlatforms) = postSolution
		{5674DAE1-CA35-4D02-B23E-FC259A0D0F85}.Debug|Any CPU.ActiveCfg = Debug|Any CPU
		{5674DAE1-CA35-4D02-B23E-FC259A0D0F85}.Debug|Any CPU.Build.0 = Debug|Any CPU
		{5674DAE1-CA35-4D02-B23E-FC259A0D0F85}.Release|Any CPU.ActiveCfg = Release|Any CPU
		{5674DAE1-CA35-4D02-B23E-FC259A0D0F85}.Release|Any CPU.Build.0 = Release|Any CPU
		{E40A2B86-D99D-405C-9457-C730ECB80663}.Debug|Any CPU.ActiveCfg = Debug|Any CPU
		{E40A2B86-D99D-405C-9457-C730ECB80663}.Debug|Any CPU.Build.0 = Debug|Any CPU
		{E40A2B86-D99D-405C-9457-C730ECB80663}.Release|Any CPU.ActiveCfg = Release|Any CPU
		{E40A2B86-D99D-405C-9457-C730ECB80663}.Release|Any CPU.Build.0 = Release|Any CPU
		{E7417C3A-749C-4D87-A637-5E47AF5021F5}.Debug|Any CPU.ActiveCfg = Debug|Any CPU
		{E7417C3A-749C-4D87-A637-5E47AF5021F5}.Debug|Any CPU.Build.0 = Debug|Any CPU
		{E7417C3A-749C-4D87-A637-5E47AF5021F5}.Release|Any CPU.ActiveCfg = Release|Any CPU
		{E7417C3A-749C-4D87-A637-5E47AF5021F5}.Release|Any CPU.Build.0 = Release|Any CPU
		{E25859A1-C8A9-45B6-8DB6-9DFCA0E5FF47}.Debug|Any CPU.ActiveCfg = Debug|Any CPU
		{E25859A1-C8A9-45B6-8DB6-9DFCA0E5FF47}.Debug|Any CPU.Build.0 = Debug|Any CPU
		{E25859A1-C8A9-45B6-8DB6-9DFCA0E5FF47}.Release|Any CPU.ActiveCfg = Release|Any CPU
		{E25859A1-C8A9-45B6-8DB6-9DFCA0E5FF47}.Release|Any CPU.Build.0 = Release|Any CPU
		{6AC87D9A-78C4-4F75-A50F-90138FF0CA71}.Debug|Any CPU.ActiveCfg = Debug|Any CPU
		{6AC87D9A-78C4-4F75-A50F-90138FF0CA71}.Debug|Any CPU.Build.0 = Debug|Any CPU
		{6AC87D9A-78C4-4F75-A50F-90138FF0CA71}.Release|Any CPU.ActiveCfg = Release|Any CPU
		{6AC87D9A-78C4-4F75-A50F-90138FF0CA71}.Release|Any CPU.Build.0 = Release|Any CPU
		{1C217114-38B2-46FD-8EBD-4B87856C5B96}.Debug|Any CPU.ActiveCfg = Debug|Any CPU
		{1C217114-38B2-46FD-8EBD-4B87856C5B96}.Debug|Any CPU.Build.0 = Debug|Any CPU
		{1C217114-38B2-46FD-8EBD-4B87856C5B96}.Release|Any CPU.ActiveCfg = Release|Any CPU
		{1C217114-38B2-46FD-8EBD-4B87856C5B96}.Release|Any CPU.Build.0 = Release|Any CPU
	EndGlobalSection
EndGlobal
